
Microsoft Visual Studio Solution File, Format Version 12.00
# Visual Studio Version 16
VisualStudioVersion = 16.0.29025.244
MinimumVisualStudioVersion = 10.0.40219.1
Project("{FAE04EC0-301F-11D3-BF4B-00C04F79EFBC}") = "ConsoleAppTemplate", "ConsoleAppTemplate\ConsoleAppTemplate.csproj", "{FC21BD59-48E7-452C-B4D2-5F932B09644C}"
EndProject
Global
	GlobalSection(SolutionConfigurationPlatforms) = preSolution
		Debug|Any CPU = Debug|Any CPU
		Release|Any CPU = Release|Any CPU
	EndGlobalSection
	GlobalSection(ProjectConfigurationPlatforms) = postSolution
		{FC21BD59-48E7-452C-B4D2-5F932B09644C}.Debug|Any CPU.ActiveCfg = Debug|Any CPU
		{FC21BD59-48E7-452C-B4D2-5F932B09644C}.Debug|Any CPU.Build.0 = Debug|Any CPU
		{FC21BD59-48E7-452C-B4D2-5F932B09644C}.Release|Any CPU.ActiveCfg = Release|Any CPU
		{FC21BD59-48E7-452C-B4D2-5F932B09644C}.Release|Any CPU.Build.0 = Release|Any CPU
	EndGlobalSection
	GlobalSection(SolutionProperties) = preSolution
		HideSolutionNode = FALSE
	EndGlobalSection
	GlobalSection(ExtensibilityGlobals) = postSolution
		SolutionGuid = {6E1C80FC-1DED-4CEA-ABB4-0EA8B412DBE0}
	EndGlobalSection
EndGlobal
